
Microsoft Visual Studio Solution File, Format Version 12.00
# Visual Studio 15
VisualStudioVersion = 15.0.28010.2046
MinimumVisualStudioVersion = 10.0.40219.1
Project("{FAE04EC0-301F-11D3-BF4B-00C04F79EFBC}") = "XML Element Search", "XML Element Search\XML Element Search.csproj", "{5316A6E3-2C1E-4350-AA1E-174781E5E754}"
EndProject
Global
	GlobalSection(SolutionConfigurationPlatforms) = preSolution
		Debug|Any CPU = Debug|Any CPU
		Release|Any CPU = Release|Any CPU
	EndGlobalSection
	GlobalSection(ProjectConfigurationPlatforms) = postSolution
		{5316A6E3-2C1E-4350-AA1E-174781E5E754}.Debug|Any CPU.ActiveCfg = Debug|Any CPU
		{5316A6E3-2C1E-4350-AA1E-174781E5E754}.Debug|Any CPU.Build.0 = Debug|Any CPU
		{5316A6E3-2C1E-4350-AA1E-174781E5E754}.Release|Any CPU.ActiveCfg = Release|Any CPU
		{5316A6E3-2C1E-4350-AA1E-174781E5E754}.Release|Any CPU.Build.0 = Release|Any CPU
	EndGlobalSection
	GlobalSection(SolutionProperties) = preSolution
		HideSolutionNode = FALSE
	EndGlobalSection
	GlobalSection(ExtensibilityGlobals) = postSolution
		SolutionGuid = {C87D4C4E-835F-4B01-BB15-5062BD69E4FE}
	EndGlobalSection
EndGlobal
